
Microsoft Visual Studio Solution File, Format Version 12.00
# Visual Studio Version 16
VisualStudioVersion = 16.0.30523.141
MinimumVisualStudioVersion = 10.0.40219.1
Project("{FAE04EC0-301F-11D3-BF4B-00C04F79EFBC}") = "CouponWithOCP", "CouponWithOCP\CouponWithOCP.csproj", "{8831F7D1-7714-4EAD-832A-5FD1B8AF8542}"
EndProject
Global
	GlobalSection(SolutionConfigurationPlatforms) = preSolution
		Debug|Any CPU = Debug|Any CPU
		Release|Any CPU = Release|Any CPU
	EndGlobalSection
	GlobalSection(ProjectConfigurationPlatforms) = postSolution
		{8831F7D1-7714-4EAD-832A-5FD1B8AF8542}.Debug|Any CPU.ActiveCfg = Debug|Any CPU
		{8831F7D1-7714-4EAD-832A-5FD1B8AF8542}.Debug|Any CPU.Build.0 = Debug|Any CPU
		{8831F7D1-7714-4EAD-832A-5FD1B8AF8542}.Release|Any CPU.ActiveCfg = Release|Any CPU
		{8831F7D1-7714-4EAD-832A-5FD1B8AF8542}.Release|Any CPU.Build.0 = Release|Any CPU
	EndGlobalSection
	GlobalSection(SolutionProperties) = preSolution
		HideSolutionNode = FALSE
	EndGlobalSection
	GlobalSection(ExtensibilityGlobals) = postSolution
		SolutionGuid = {E965ACAA-5826-41C1-91B3-10D854356D78}
	EndGlobalSection
EndGlobal
